{
    "_readme": [
        "This file locks the dependencies of your project to a known state",
        "Read more about it at https://getcomposer.org/doc/01-basic-usage.md#composer-lock-the-lock-file",
        "This file is @generated automatically"
    ],
    "hash": "ec08a5ac5051b3899828d1a6c34fda3c",
    "content-hash": "b69ca59e934969271d927b22b47ca536",
    "packages": [
        {
            "name": "hemio/form",
            "version": "v0.4.0",
            "source": {
                "type": "git",
                "url": "https://github.com/qua-bla/form.git",
                "reference": "103b69a2ee0e6a5eef3b9152512401d9ee7097e8"
            },
            "dist": {
                "type": "zip",
                "url": "https://api.github.com/repos/qua-bla/form/zipball/103b69a2ee0e6a5eef3b9152512401d9ee7097e8",
                "reference": "103b69a2ee0e6a5eef3b9152512401d9ee7097e8",
                "shasum": ""
            },
            "require": {
                "hemio/html": "v0.2.0",
                "php": ">=5.6.0"
            },
            "require-dev": {
                "apigen/apigen": "~2.8",
                "phpunit/phpunit": "4.4.*"
            },
            "type": "library",
            "autoload": {
                "psr-4": {
                    "hemio\\form\\": "src"
                }
            },
            "notification-url": "https://packagist.org/downloads/",
            "license": [
                "GPL-3.0+"
            ],
            "authors": [
                {
                    "name": "Michael Herold",
                    "email": "quabla@hemio.de"
                }
            ],
            "description": "Object oriented HTML5 forms library",
            "homepage": "http://github.com/qua-bla/form",
            "keywords": [
                "html"
            ],
            "time": "2015-11-19 12:40:21"
        },
        {
            "name": "hemio/html",
            "version": "v0.2.0",
            "source": {
                "type": "git",
                "url": "https://github.com/qua-bla/html.git",
                "reference": "8df47f6efb198c8422d0c9c5b6e0a87de4d4ccfd"
            },
            "dist": {
                "type": "zip",
                "url": "https://api.github.com/repos/qua-bla/html/zipball/8df47f6efb198c8422d0c9c5b6e0a87de4d4ccfd",
                "reference": "8df47f6efb198c8422d0c9c5b6e0a87de4d4ccfd",
                "shasum": ""
            },
            "require": {
                "php": ">=5.6.0"
            },
            "require-dev": {
                "apigen/apigen": "~2.8",
                "phpunit/phpunit": "4.4.*"
            },
            "type": "library",
            "autoload": {
                "psr-4": {
                    "hemio\\html\\": "src"
                }
            },
            "notification-url": "https://packagist.org/downloads/",
            "license": [
                "GPL-3.0+"
            ],
            "authors": [
                {
                    "name": "Michael Herold",
                    "email": "quabla@hemio.de"
                }
            ],
            "description": "Object oriented HTML5 library",
            "homepage": "http://github.com/qua-bla/html",
            "keywords": [
                "html"
            ],
            "time": "2015-10-03 11:16:17"
        },
        {
            "name": "symfony/yaml",
            "version": "v3.0.1",
            "source": {
                "type": "git",
                "url": "https://github.com/symfony/yaml.git",
                "reference": "3df409958a646dad2bc5046c3fb671ee24a1a691"
            },
            "dist": {
                "type": "zip",
                "url": "https://api.github.com/repos/symfony/yaml/zipball/3df409958a646dad2bc5046c3fb671ee24a1a691",
                "reference": "3df409958a646dad2bc5046c3fb671ee24a1a691",
                "shasum": ""
            },
            "require": {
                "php": ">=5.5.9"
            },
            "type": "library",
            "extra": {
                "branch-alias": {
                    "dev-master": "3.0-dev"
                }
            },
            "autoload": {
                "psr-4": {
                    "Symfony\\Component\\Yaml\\": ""
                },
                "exclude-from-classmap": [
                    "/Tests/"
                ]
            },
            "notification-url": "https://packagist.org/downloads/",
            "license": [
                "MIT"
            ],
            "authors": [
                {
                    "name": "Fabien Potencier",
                    "email": "fabien@symfony.com"
                },
                {
                    "name": "Symfony Community",
                    "homepage": "https://symfony.com/contributors"
                }
            ],
            "description": "Symfony Yaml Component",
            "homepage": "https://symfony.com",
            "time": "2015-12-26 13:39:53"
        }
    ],
    "packages-dev": null,
    "aliases": [],
    "minimum-stability": "stable",
    "stability-flags": [],
    "prefer-stable": false,
    "prefer-lowest": false,
    "platform": {
        "php": ">=5.6"
    },
    "platform-dev": []
}
